
Microsoft Visual Studio Solution File, Format Version 12.00
# Visual Studio 14
VisualStudioVersion = 14.0.23107.0
MinimumVisualStudioVersion = 10.0.40219.1
Project("{FAE04EC0-301F-11D3-BF4B-00C04F79EFBC}") = "Client", "Client\Client.csproj", "{F4E953DB-8F41-4941-BA7F-9388A9A5A137}"
EndProject
Project("{FAE04EC0-301F-11D3-BF4B-00C04F79EFBC}") = "ServiceHost", "ServiceHost\ServiceHost.csproj", "{94F4B5CF-1AC2-42C1-81BC-65ED88FBA8BC}"
EndProject
Project("{FAE04EC0-301F-11D3-BF4B-00C04F79EFBC}") = "Services", "Services\Services.csproj", "{9D49F769-E58F-49E5-9440-878EC7C20D75}"
EndProject
Global
	GlobalSection(SolutionConfigurationPlatforms) = preSolution
		Debug|Any CPU = Debug|Any CPU
		Release|Any CPU = Release|Any CPU
	EndGlobalSection
	GlobalSection(ProjectConfigurationPlatforms) = postSolution
		{F4E953DB-8F41-4941-BA7F-9388A9A5A137}.Debug|Any CPU.ActiveCfg = Debug|Any CPU
		{F4E953DB-8F41-4941-BA7F-9388A9A5A137}.Debug|Any CPU.Build.0 = Debug|Any CPU
		{F4E953DB-8F41-4941-BA7F-9388A9A5A137}.Release|Any CPU.ActiveCfg = Release|Any CPU
		{F4E953DB-8F41-4941-BA7F-9388A9A5A137}.Release|Any CPU.Build.0 = Release|Any CPU
		{94F4B5CF-1AC2-42C1-81BC-65ED88FBA8BC}.Debug|Any CPU.ActiveCfg = Debug|Any CPU
		{94F4B5CF-1AC2-42C1-81BC-65ED88FBA8BC}.Debug|Any CPU.Build.0 = Debug|Any CPU
		{94F4B5CF-1AC2-42C1-81BC-65ED88FBA8BC}.Release|Any CPU.ActiveCfg = Release|Any CPU
		{94F4B5CF-1AC2-42C1-81BC-65ED88FBA8BC}.Release|Any CPU.Build.0 = Release|Any CPU
		{9D49F769-E58F-49E5-9440-878EC7C20D75}.Debug|Any CPU.ActiveCfg = Debug|Any CPU
		{9D49F769-E58F-49E5-9440-878EC7C20D75}.Debug|Any CPU.Build.0 = Debug|Any CPU
		{9D49F769-E58F-49E5-9440-878EC7C20D75}.Release|Any CPU.ActiveCfg = Release|Any CPU
		{9D49F769-E58F-49E5-9440-878EC7C20D75}.Release|Any CPU.Build.0 = Release|Any CPU
	EndGlobalSection
	GlobalSection(SolutionProperties) = preSolution
		HideSolutionNode = FALSE
	EndGlobalSection
EndGlobal
